// !$*UTF8*$!
{
	archiveVersion = 1;
	classes = {
	};
	objectVersion = 77;
	objects = {

/* Begin PBXBuildFile section */
		00662B6C39544AA6851F522C /* LegendsPackTests.swift in Sources */ = {isa = PBXBuildFile; fileRef = E30D7225752E3B1942D844E5 /* LegendsPackTests.swift */; };
		07803EFF6F1D3ECD04BCF825 /* CareerSeasonSoakTests.swift in Sources */ = {isa = PBXBuildFile; fileRef = 86D3D33B9AC8783B537A219E /* CareerSeasonSoakTests.swift */; };
		0BA5CDDF24DC0BA9798F2DCB /* GameStoreTestSupport.swift in Sources */ = {isa = PBXBuildFile; fileRef = 7F4E8DEDB4ADD31ECB559195 /* GameStoreTestSupport.swift */; };
		11302683010CCC0470AF64EF /* TransferGeniusTests.swift in Sources */ = {isa = PBXBuildFile; fileRef = 2A739EF8ADAACAE333C948C4 /* TransferGeniusTests.swift */; };
		14DC54ED4A6C4CAA11BEA01E /* LegendsMatchSimulationTests.swift in Sources */ = {isa = PBXBuildFile; fileRef = D5EBC684871666B50828C720 /* LegendsMatchSimulationTests.swift */; };
		1E072947D492BE27750A027B /* LegendsProfileRoundTripTests.swift in Sources */ = {isa = PBXBuildFile; fileRef = 630311A8820AD986CC73BA6D /* LegendsProfileRoundTripTests.swift */; };
		223624989D3B1426429EBD23 /* LegendsLiveMatchTests.swift in Sources */ = {isa = PBXBuildFile; fileRef = 7B58DAAE268FF435CCAB8ACB /* LegendsLiveMatchTests.swift */; };
		255D12E4E73B3F1FD532841A /* LegendsSquadTests.swift in Sources */ = {isa = PBXBuildFile; fileRef = 2167ED2F990D56D684B0E673 /* LegendsSquadTests.swift */; };
		3206C4960AED715B18175B0C /* Foundation.framework in Frameworks */ = {isa = PBXBuildFile; fileRef = 4EA2B70D878918DA4CFE4BBE /* Foundation.framework */; };
		3630E764F76C890D39B84FC9 /* LegendsStoreTestSupport.swift in Sources */ = {isa = PBXBuildFile; fileRef = 5CE7740EA775A77C8A09E25A /* LegendsStoreTestSupport.swift */; };
		364413F3B62370F1A108B57F /* LegendsChallengeTests.swift in Sources */ = {isa = PBXBuildFile; fileRef = C7E8513B66785D4FEF21768F /* LegendsChallengeTests.swift */; };
		3ED8FD5AA963F391C9598BD1 /* LegendsChemistryTests.swift in Sources */ = {isa = PBXBuildFile; fileRef = F03BEE8FDDB675C4FEBF2BAA /* LegendsChemistryTests.swift */; };
		4FAC06DD7BE5C1E8423AD72B /* CareerStoryGenerationTests.swift in Sources */ = {isa = PBXBuildFile; fileRef = 9B121F6A9C9D225B23258477 /* CareerStoryGenerationTests.swift */; };
		51196EFBACD945CC982E65A2 /* LegacyMuseumTests.swift in Sources */ = {isa = PBXBuildFile; fileRef = 31B53055106C4679AB36D897 /* LegacyMuseumTests.swift */; };
		6724AC3FB647B4BDD7E17012 /* LegendsMatchTests.swift in Sources */ = {isa = PBXBuildFile; fileRef = 644C36E4BB719E46DC5F1BD4 /* LegendsMatchTests.swift */; };
		68E67E7456134856A431237C /* LivingWorldTests.swift in Sources */ = {isa = PBXBuildFile; fileRef = 0B37E780E1B741DC8BAB0597 /* LivingWorldTests.swift */; };
		73674766596121488D7E4700 /* LegendsSeasonSoakTests.swift in Sources */ = {isa = PBXBuildFile; fileRef = F559507B7448E55181B33E7F /* LegendsSeasonSoakTests.swift */; };
		85860B1451564F9A551C3598 /* EconomyFormulaTests.swift in Sources */ = {isa = PBXBuildFile; fileRef = BF9FCA91756A4B1B9A1D75FC /* EconomyFormulaTests.swift */; };
		86AF834781278C3BB37443B3 /* LegacyScoringTests.swift in Sources */ = {isa = PBXBuildFile; fileRef = 73FF9AB27737BE67B844606D /* LegacyScoringTests.swift */; };
		8AB00ED2DF9E30109F724942 /* LegendsAgingTests.swift in Sources */ = {isa = PBXBuildFile; fileRef = FAA9AD75FBD3A892539947D4 /* LegendsAgingTests.swift */; };
		958C4447B5D00D45411E467F /* SquadDataIntegrityTests.swift in Sources */ = {isa = PBXBuildFile; fileRef = 1E2ED9DB1F880147D9C6F684 /* SquadDataIntegrityTests.swift */; };
		A1B2C3D4E5F60718293A4B5C /* LegendsLifecyclePhase2Tests.swift in Sources */ = {isa = PBXBuildFile; fileRef = D6E7F8091A2B3C4D5E6F7081 /* LegendsLifecyclePhase2Tests.swift */; };
		A1B2C3D4E5F60718293A4B5D /* LegendsManagerIdentityTests.swift in Sources */ = {isa = PBXBuildFile; fileRef = A1B2C3D5E6F708192A3B4C5D /* LegendsManagerIdentityTests.swift */; };
		A1B2C3D4E5F60718293A4B5E /* LegendsOwnedPlayersTests.swift in Sources */ = {isa = PBXBuildFile; fileRef = A1B2C3D5E6F708192A3B4C5E /* LegendsOwnedPlayersTests.swift */; };
		A9E76500D69E4CF2948C2371 /* ClubIdentityTests.swift in Sources */ = {isa = PBXBuildFile; fileRef = 37A4AC188E0A4B00B09D6FD7 /* ClubIdentityTests.swift */; };
		ABC676A02BA509F38C1A65B5 /* LegendsOpponentRosterTests.swift in Sources */ = {isa = PBXBuildFile; fileRef = 9A3F72AB53965A5C95A66808 /* LegendsOpponentRosterTests.swift */; };
		ADD2805876614F0BB4380256 /* CupCelebrationTests.swift in Sources */ = {isa = PBXBuildFile; fileRef = 11C31F61CFAD4E7DA8E00845 /* CupCelebrationTests.swift */; };
		B2C3D4E5F60718293B4C5D6E /* ExperienceSelectorArtworkTests.swift in Sources */ = {isa = PBXBuildFile; fileRef = F1A2B3C4D5E6F70819A2B3C4 /* ExperienceSelectorArtworkTests.swift */; };
		B50662B944281CF78CD58A04 /* NegotiationFormulaTests.swift in Sources */ = {isa = PBXBuildFile; fileRef = 58C8B31BA10D57B3BFD39DAC /* NegotiationFormulaTests.swift */; };
		B73D938118DE57E0525CC11A /* LiveMatchTests.swift in Sources */ = {isa = PBXBuildFile; fileRef = 45ACA05FF088A4032616F4B2 /* LiveMatchTests.swift */; };
		BD403C02CB0C5ABD7E617BFF /* AchievementThresholdTests.swift in Sources */ = {isa = PBXBuildFile; fileRef = 2EDC0B782BA6EAA77DABFC8F /* AchievementThresholdTests.swift */; };
		BF9EE3B68FCD4BB2B3FA026D /* NewspaperClassifierTests.swift in Sources */ = {isa = PBXBuildFile; fileRef = 769FB8EEAB31FAE4809E87E9 /* NewspaperClassifierTests.swift */; };
		BFF886F86C980C1B1020CBF7 /* LegendsManagersAndStadiumsTests.swift in Sources */ = {isa = PBXBuildFile; fileRef = 074F4A573ADF8B410DA73689 /* LegendsManagersAndStadiumsTests.swift */; };
		C0D41EE6E559A561127D0FEE /* LegendsCardDatabaseTests.swift in Sources */ = {isa = PBXBuildFile; fileRef = B660BAC2FA7DF71D3BADD886 /* LegendsCardDatabaseTests.swift */; };
		C1C2C3C4C5C6C7C8C9CACBCC /* RetroSeasonManagerUITests.swift in Sources */ = {isa = PBXBuildFile; fileRef = B1B2B3B4B5B6B7B8B9BABBBC /* RetroSeasonManagerUITests.swift */; };
		C4D6B61A028D4BF8CCB66CD7 /* SaveStateRoundTripTests.swift in Sources */ = {isa = PBXBuildFile; fileRef = 99F66221DBD753E2397F71B3 /* SaveStateRoundTripTests.swift */; };
		E4DA2058A0394CEB8EE33C6D /* SeasonObjectiveTests.swift in Sources */ = {isa = PBXBuildFile; fileRef = CD4B67FD28B14DE5914B0356 /* SeasonObjectiveTests.swift */; };
		E8D7C6B5A493827160504F3E /* LegendsPlayabilitySimulationTests.swift in Sources */ = {isa = PBXBuildFile; fileRef = F9E8D7C6B5A493827160504F /* LegendsPlayabilitySimulationTests.swift */; };
		EB066EF752E24DD9BCABDC59 /* FanEngagementTests.swift in Sources */ = {isa = PBXBuildFile; fileRef = 10FBA8DFA5324C93823611D1 /* FanEngagementTests.swift */; };
		EC7F1B8BA0CFF81DD00E5D42 /* LegendsPitchCoordinateSystemTests.swift in Sources */ = {isa = PBXBuildFile; fileRef = CF34B6CADED3D645C368E2D2 /* LegendsPitchCoordinateSystemTests.swift */; };
		FF41FCD5FE1B41E0BCD39230 /* PlayerStoriesTests.swift in Sources */ = {isa = PBXBuildFile; fileRef = 7D47B1D34444477EAA4F7759 /* PlayerStoriesTests.swift */; };
		BF46F3172EADD73F1F06096A /* LegendsCareerLifecyclePolicyTests.swift in Sources */ = {isa = PBXBuildFile; fileRef = B2885090C281E81798DD97DA /* LegendsCareerLifecyclePolicyTests.swift */; };
		BC03B0021252BAA3786CE769 /* LegendsPoint1MigrationTests.swift in Sources */ = {isa = PBXBuildFile; fileRef = E255DADC17C62F55BE66BD28 /* LegendsPoint1MigrationTests.swift */; };
		360D0278ACA8C2CA8B15C0E1 /* LegendsRetirementTimingTests.swift in Sources */ = {isa = PBXBuildFile; fileRef = 3D3A2109355E202CBE0586A1 /* LegendsRetirementTimingTests.swift */; };
		2A0E7115C0DE00B1B2C3D4E1 /* LegendsPoint2IdentityTests.swift in Sources */ = {isa = PBXBuildFile; fileRef = 2A0E7115C0DE00A1B2C3D4E1 /* LegendsPoint2IdentityTests.swift */; };
		2A0E7115C0DE00B1B2C3D4E2 /* LegendsPoint2MatchSelectorsTests.swift in Sources */ = {isa = PBXBuildFile; fileRef = 2A0E7115C0DE00A1B2C3D4E2 /* LegendsPoint2MatchSelectorsTests.swift */; };
		2A0E7115C0DE00B1B2C3D4E3 /* LegendsPoint2ConditionTests.swift in Sources */ = {isa = PBXBuildFile; fileRef = 2A0E7115C0DE00A1B2C3D4E3 /* LegendsPoint2ConditionTests.swift */; };
		2A0E7115C0DE00B1B2C3D4E4 /* LegendsPoint2HonoursTests.swift in Sources */ = {isa = PBXBuildFile; fileRef = 2A0E7115C0DE00A1B2C3D4E4 /* LegendsPoint2HonoursTests.swift */; };
		2A0E7115C0DE00B1B2C3D4E5 /* LegendsPoint2MigrationTests.swift in Sources */ = {isa = PBXBuildFile; fileRef = 2A0E7115C0DE00A1B2C3D4E5 /* LegendsPoint2MigrationTests.swift */; };
		2A0E7116C0DE00B1B2C3D4E5 /* LegendsMatchSelectors2DTests.swift in Sources */ = {isa = PBXBuildFile; fileRef = 2A0E7116C0DE00A1B2C3D4E5 /* LegendsMatchSelectors2DTests.swift */; };
		2A0E7115C0DE00B1B2C3D4E6 /* LegendsPoint2SeasonAwardsTests.swift in Sources */ = {isa = PBXBuildFile; fileRef = 2A0E7115C0DE00A1B2C3D4E6 /* LegendsPoint2SeasonAwardsTests.swift */; };
/* End PBXBuildFile section */

/* Begin PBXContainerItemProxy section */
		112233445566778899AABBCC /* PBXContainerItemProxy */ = {
			isa = PBXContainerItemProxy;
			containerPortal = 52EE5D9C302272C0002A9DDF /* Project object */;
			proxyType = 1;
			remoteGlobalIDString = 52EE5DA3302272C0002A9DDF;
			remoteInfo = "Retro Season Manager";
		};
		84A5D0C204B2683882275C1F /* PBXContainerItemProxy */ = {
			isa = PBXContainerItemProxy;
			containerPortal = 52EE5D9C302272C0002A9DDF /* Project object */;
			proxyType = 1;
			remoteGlobalIDString = 52EE5DA3302272C0002A9DDF;
			remoteInfo = "Retro Season Manager";
		};
/* End PBXContainerItemProxy section */

/* Begin PBXFileReference section */
		074F4A573ADF8B410DA73689 /* LegendsManagersAndStadiumsTests.swift */ = {isa = PBXFileReference; includeInIndex = 1; lastKnownFileType = sourcecode.swift; path = LegendsManagersAndStadiumsTests.swift; sourceTree = "<group>"; };
		0B37E780E1B741DC8BAB0597 /* LivingWorldTests.swift */ = {isa = PBXFileReference; includeInIndex = 1; lastKnownFileType = sourcecode.swift; path = LivingWorldTests.swift; sourceTree = "<group>"; };
		10FBA8DFA5324C93823611D1 /* FanEngagementTests.swift */ = {isa = PBXFileReference; includeInIndex = 1; lastKnownFileType = sourcecode.swift; path = FanEngagementTests.swift; sourceTree = "<group>"; };
		11C31F61CFAD4E7DA8E00845 /* CupCelebrationTests.swift */ = {isa = PBXFileReference; includeInIndex = 1; lastKnownFileType = sourcecode.swift; path = CupCelebrationTests.swift; sourceTree = "<group>"; };
		1D1DE01F6AE1531551548017 /* Retro Season ManagerTests.xctest */ = {isa = PBXFileReference; explicitFileType = wrapper.cfbundle; includeInIndex = 0; path = "Retro Season ManagerTests.xctest"; sourceTree = BUILT_PRODUCTS_DIR; };
		1E2ED9DB1F880147D9C6F684 /* SquadDataIntegrityTests.swift */ = {isa = PBXFileReference; includeInIndex = 1; lastKnownFileType = sourcecode.swift; path = SquadDataIntegrityTests.swift; sourceTree = "<group>"; };
		2167ED2F990D56D684B0E673 /* LegendsSquadTests.swift */ = {isa = PBXFileReference; includeInIndex = 1; lastKnownFileType = sourcecode.swift; path = LegendsSquadTests.swift; sourceTree = "<group>"; };
		2A739EF8ADAACAE333C948C4 /* TransferGeniusTests.swift */ = {isa = PBXFileReference; includeInIndex = 1; lastKnownFileType = sourcecode.swift; path = TransferGeniusTests.swift; sourceTree = "<group>"; };
		2EDC0B782BA6EAA77DABFC8F /* AchievementThresholdTests.swift */ = {isa = PBXFileReference; includeInIndex = 1; lastKnownFileType = sourcecode.swift; path = AchievementThresholdTests.swift; sourceTree = "<group>"; };
		31B53055106C4679AB36D897 /* LegacyMuseumTests.swift */ = {isa = PBXFileReference; includeInIndex = 1; lastKnownFileType = sourcecode.swift; path = LegacyMuseumTests.swift; sourceTree = "<group>"; };
		37A4AC188E0A4B00B09D6FD7 /* ClubIdentityTests.swift */ = {isa = PBXFileReference; includeInIndex = 1; lastKnownFileType = sourcecode.swift; path = ClubIdentityTests.swift; sourceTree = "<group>"; };
		45ACA05FF088A4032616F4B2 /* LiveMatchTests.swift */ = {isa = PBXFileReference; includeInIndex = 1; lastKnownFileType = sourcecode.swift; path = LiveMatchTests.swift; sourceTree = "<group>"; };
		4EA2B70D878918DA4CFE4BBE /* Foundation.framework */ = {isa = PBXFileReference; lastKnownFileType = wrapper.framework; name = Foundation.framework; path = Platforms/iPhoneOS.platform/Developer/SDKs/iPhoneOS26.0.sdk/System/Library/Frameworks/Foundation.framework; sourceTree = DEVELOPER_DIR; };
		52EE5DA4302272C0002A9DDF /* Retro Season Manager.app */ = {isa = PBXFileReference; explicitFileType = wrapper.application; includeInIndex = 0; path = "Retro Season Manager.app"; sourceTree = BUILT_PRODUCTS_DIR; };
		58C8B31BA10D57B3BFD39DAC /* NegotiationFormulaTests.swift */ = {isa = PBXFileReference; includeInIndex = 1; lastKnownFileType = sourcecode.swift; path = NegotiationFormulaTests.swift; sourceTree = "<group>"; };
		5CE7740EA775A77C8A09E25A /* LegendsStoreTestSupport.swift */ = {isa = PBXFileReference; includeInIndex = 1; lastKnownFileType = sourcecode.swift; path = LegendsStoreTestSupport.swift; sourceTree = "<group>"; };
		630311A8820AD986CC73BA6D /* LegendsProfileRoundTripTests.swift */ = {isa = PBXFileReference; includeInIndex = 1; lastKnownFileType = sourcecode.swift; path = LegendsProfileRoundTripTests.swift; sourceTree = "<group>"; };
		644C36E4BB719E46DC5F1BD4 /* LegendsMatchTests.swift */ = {isa = PBXFileReference; includeInIndex = 1; lastKnownFileType = sourcecode.swift; path = LegendsMatchTests.swift; sourceTree = "<group>"; };
		73FF9AB27737BE67B844606D /* LegacyScoringTests.swift */ = {isa = PBXFileReference; includeInIndex = 1; lastKnownFileType = sourcecode.swift; path = LegacyScoringTests.swift; sourceTree = "<group>"; };
		769FB8EEAB31FAE4809E87E9 /* NewspaperClassifierTests.swift */ = {isa = PBXFileReference; includeInIndex = 1; lastKnownFileType = sourcecode.swift; path = NewspaperClassifierTests.swift; sourceTree = "<group>"; };
		7B58DAAE268FF435CCAB8ACB /* LegendsLiveMatchTests.swift */ = {isa = PBXFileReference; includeInIndex = 1; lastKnownFileType = sourcecode.swift; path = LegendsLiveMatchTests.swift; sourceTree = "<group>"; };
		7D47B1D34444477EAA4F7759 /* PlayerStoriesTests.swift */ = {isa = PBXFileReference; includeInIndex = 1; lastKnownFileType = sourcecode.swift; path = PlayerStoriesTests.swift; sourceTree = "<group>"; };
		7F4E8DEDB4ADD31ECB559195 /* GameStoreTestSupport.swift */ = {isa = PBXFileReference; includeInIndex = 1; lastKnownFileType = sourcecode.swift; path = GameStoreTestSupport.swift; sourceTree = "<group>"; };
		86D3D33B9AC8783B537A219E /* CareerSeasonSoakTests.swift */ = {isa = PBXFileReference; includeInIndex = 1; lastKnownFileType = sourcecode.swift; path = CareerSeasonSoakTests.swift; sourceTree = "<group>"; };
		99F66221DBD753E2397F71B3 /* SaveStateRoundTripTests.swift */ = {isa = PBXFileReference; includeInIndex = 1; lastKnownFileType = sourcecode.swift; path = SaveStateRoundTripTests.swift; sourceTree = "<group>"; };
		9A3F72AB53965A5C95A66808 /* LegendsOpponentRosterTests.swift */ = {isa = PBXFileReference; includeInIndex = 1; lastKnownFileType = sourcecode.swift; path = LegendsOpponentRosterTests.swift; sourceTree = "<group>"; };
		9B121F6A9C9D225B23258477 /* CareerStoryGenerationTests.swift */ = {isa = PBXFileReference; includeInIndex = 1; lastKnownFileType = sourcecode.swift; path = CareerStoryGenerationTests.swift; sourceTree = "<group>"; };
		A1A2A3A4A5A6A7A8A9AAABAC /* Retro Season ManagerUITests.xctest */ = {isa = PBXFileReference; explicitFileType = wrapper.cfbundle; includeInIndex = 0; path = "Retro Season ManagerUITests.xctest"; sourceTree = BUILT_PRODUCTS_DIR; };
		A1B2C3D5E6F708192A3B4C5D /* LegendsManagerIdentityTests.swift */ = {isa = PBXFileReference; includeInIndex = 1; lastKnownFileType = sourcecode.swift; path = LegendsManagerIdentityTests.swift; sourceTree = "<group>"; };
		A1B2C3D5E6F708192A3B4C5E /* LegendsOwnedPlayersTests.swift */ = {isa = PBXFileReference; includeInIndex = 1; lastKnownFileType = sourcecode.swift; path = LegendsOwnedPlayersTests.swift; sourceTree = "<group>"; };
		B1B2B3B4B5B6B7B8B9BABBBC /* RetroSeasonManagerUITests.swift */ = {isa = PBXFileReference; includeInIndex = 1; lastKnownFileType = sourcecode.swift; path = RetroSeasonManagerUITests.swift; sourceTree = "<group>"; };
		B660BAC2FA7DF71D3BADD886 /* LegendsCardDatabaseTests.swift */ = {isa = PBXFileReference; includeInIndex = 1; lastKnownFileType = sourcecode.swift; path = LegendsCardDatabaseTests.swift; sourceTree = "<group>"; };
		BF9FCA91756A4B1B9A1D75FC /* EconomyFormulaTests.swift */ = {isa = PBXFileReference; includeInIndex = 1; lastKnownFileType = sourcecode.swift; path = EconomyFormulaTests.swift; sourceTree = "<group>"; };
		C7E8513B66785D4FEF21768F /* LegendsChallengeTests.swift */ = {isa = PBXFileReference; includeInIndex = 1; lastKnownFileType = sourcecode.swift; path = LegendsChallengeTests.swift; sourceTree = "<group>"; };
		CD4B67FD28B14DE5914B0356 /* SeasonObjectiveTests.swift */ = {isa = PBXFileReference; includeInIndex = 1; lastKnownFileType = sourcecode.swift; path = SeasonObjectiveTests.swift; sourceTree = "<group>"; };
		CF34B6CADED3D645C368E2D2 /* LegendsPitchCoordinateSystemTests.swift */ = {isa = PBXFileReference; includeInIndex = 1; lastKnownFileType = sourcecode.swift; path = LegendsPitchCoordinateSystemTests.swift; sourceTree = "<group>"; };
		D5EBC684871666B50828C720 /* LegendsMatchSimulationTests.swift */ = {isa = PBXFileReference; includeInIndex = 1; lastKnownFileType = sourcecode.swift; path = LegendsMatchSimulationTests.swift; sourceTree = "<group>"; };
		D6E7F8091A2B3C4D5E6F7081 /* LegendsLifecyclePhase2Tests.swift */ = {isa = PBXFileReference; includeInIndex = 1; lastKnownFileType = sourcecode.swift; path = LegendsLifecyclePhase2Tests.swift; sourceTree = "<group>"; };
		E30D7225752E3B1942D844E5 /* LegendsPackTests.swift */ = {isa = PBXFileReference; includeInIndex = 1; lastKnownFileType = sourcecode.swift; path = LegendsPackTests.swift; sourceTree = "<group>"; };
		F03BEE8FDDB675C4FEBF2BAA /* LegendsChemistryTests.swift */ = {isa = PBXFileReference; includeInIndex = 1; lastKnownFileType = sourcecode.swift; path = LegendsChemistryTests.swift; sourceTree = "<group>"; };
		F1A2B3C4D5E6F70819A2B3C4 /* ExperienceSelectorArtworkTests.swift */ = {isa = PBXFileReference; includeInIndex = 1; lastKnownFileType = sourcecode.swift; path = ExperienceSelectorArtworkTests.swift; sourceTree = "<group>"; };
		F559507B7448E55181B33E7F /* LegendsSeasonSoakTests.swift */ = {isa = PBXFileReference; includeInIndex = 1; lastKnownFileType = sourcecode.swift; path = LegendsSeasonSoakTests.swift; sourceTree = "<group>"; };
		F9E8D7C6B5A493827160504F /* LegendsPlayabilitySimulationTests.swift */ = {isa = PBXFileReference; includeInIndex = 1; lastKnownFileType = sourcecode.swift; path = LegendsPlayabilitySimulationTests.swift; sourceTree = "<group>"; };
		FAA9AD75FBD3A892539947D4 /* LegendsAgingTests.swift */ = {isa = PBXFileReference; includeInIndex = 1; lastKnownFileType = sourcecode.swift; path = LegendsAgingTests.swift; sourceTree = "<group>"; };
		B2885090C281E81798DD97DA /* LegendsCareerLifecyclePolicyTests.swift */ = {isa = PBXFileReference; includeInIndex = 1; lastKnownFileType = sourcecode.swift; path = LegendsCareerLifecyclePolicyTests.swift; sourceTree = "<group>"; };
		E255DADC17C62F55BE66BD28 /* LegendsPoint1MigrationTests.swift */ = {isa = PBXFileReference; includeInIndex = 1; lastKnownFileType = sourcecode.swift; path = LegendsPoint1MigrationTests.swift; sourceTree = "<group>"; };
		3D3A2109355E202CBE0586A1 /* LegendsRetirementTimingTests.swift */ = {isa = PBXFileReference; includeInIndex = 1; lastKnownFileType = sourcecode.swift; path = LegendsRetirementTimingTests.swift; sourceTree = "<group>"; };
		2A0E7115C0DE00A1B2C3D4E1 /* LegendsPoint2IdentityTests.swift */ = {isa = PBXFileReference; includeInIndex = 1; lastKnownFileType = sourcecode.swift; path = LegendsPoint2IdentityTests.swift; sourceTree = "<group>"; };
		2A0E7115C0DE00A1B2C3D4E2 /* LegendsPoint2MatchSelectorsTests.swift */ = {isa = PBXFileReference; includeInIndex = 1; lastKnownFileType = sourcecode.swift; path = LegendsPoint2MatchSelectorsTests.swift; sourceTree = "<group>"; };
		2A0E7115C0DE00A1B2C3D4E3 /* LegendsPoint2ConditionTests.swift */ = {isa = PBXFileReference; includeInIndex = 1; lastKnownFileType = sourcecode.swift; path = LegendsPoint2ConditionTests.swift; sourceTree = "<group>"; };
		2A0E7115C0DE00A1B2C3D4E4 /* LegendsPoint2HonoursTests.swift */ = {isa = PBXFileReference; includeInIndex = 1; lastKnownFileType = sourcecode.swift; path = LegendsPoint2HonoursTests.swift; sourceTree = "<group>"; };
		2A0E7115C0DE00A1B2C3D4E5 /* LegendsPoint2MigrationTests.swift */ = {isa = PBXFileReference; includeInIndex = 1; lastKnownFileType = sourcecode.swift; path = LegendsPoint2MigrationTests.swift; sourceTree = "<group>"; };
		2A0E7116C0DE00A1B2C3D4E5 /* LegendsMatchSelectors2DTests.swift */ = {isa = PBXFileReference; includeInIndex = 1; lastKnownFileType = sourcecode.swift; path = LegendsMatchSelectors2DTests.swift; sourceTree = "<group>"; };
		2A0E7115C0DE00A1B2C3D4E6 /* LegendsPoint2SeasonAwardsTests.swift */ = {isa = PBXFileReference; includeInIndex = 1; lastKnownFileType = sourcecode.swift; path = LegendsPoint2SeasonAwardsTests.swift; sourceTree = "<group>"; };
/* End PBXFileReference section */

/* Begin PBXFileSystemSynchronizedRootGroup section */
		52EE5DA6302272C0002A9DDF /* Retro Season Manager */ = {
			isa = PBXFileSystemSynchronizedRootGroup;
			path = "Retro Season Manager";
			sourceTree = "<group>";
		};
/* End PBXFileSystemSynchronizedRootGroup section */

/* Begin PBXFrameworksBuildPhase section */
		4B75296F738F908518A462E6 /* Frameworks */ = {
			isa = PBXFrameworksBuildPhase;
			buildActionMask = 2147483647;
			files = (
				3206C4960AED715B18175B0C /* Foundation.framework in Frameworks */,
			);
			runOnlyForDeploymentPostprocessing = 0;
		};
		52EE5DA1302272C0002A9DDF /* Frameworks */ = {
			isa = PBXFrameworksBuildPhase;
			buildActionMask = 2147483647;
			files = (
			);
			runOnlyForDeploymentPostprocessing = 0;
		};
		E1E2E3E4E5E6E7E8E9EAEBEC /* Frameworks */ = {
			isa = PBXFrameworksBuildPhase;
			buildActionMask = 2147483647;
			files = (
			);
			runOnlyForDeploymentPostprocessing = 0;
		};
/* End PBXFrameworksBuildPhase section */

/* Begin PBXGroup section */
		24204CD9C3F161B4E6DC3C05 /* Retro Season ManagerTests */ = {
			isa = PBXGroup;
			children = (
				BF9FCA91756A4B1B9A1D75FC /* EconomyFormulaTests.swift */,
				73FF9AB27737BE67B844606D /* LegacyScoringTests.swift */,
				1E2ED9DB1F880147D9C6F684 /* SquadDataIntegrityTests.swift */,
				7F4E8DEDB4ADD31ECB559195 /* GameStoreTestSupport.swift */,
				2EDC0B782BA6EAA77DABFC8F /* AchievementThresholdTests.swift */,
				58C8B31BA10D57B3BFD39DAC /* NegotiationFormulaTests.swift */,
				9B121F6A9C9D225B23258477 /* CareerStoryGenerationTests.swift */,
				769FB8EEAB31FAE4809E87E9 /* NewspaperClassifierTests.swift */,
				2A739EF8ADAACAE333C948C4 /* TransferGeniusTests.swift */,
				B660BAC2FA7DF71D3BADD886 /* LegendsCardDatabaseTests.swift */,
				E30D7225752E3B1942D844E5 /* LegendsPackTests.swift */,
				2167ED2F990D56D684B0E673 /* LegendsSquadTests.swift */,
				F03BEE8FDDB675C4FEBF2BAA /* LegendsChemistryTests.swift */,
				644C36E4BB719E46DC5F1BD4 /* LegendsMatchTests.swift */,
				C7E8513B66785D4FEF21768F /* LegendsChallengeTests.swift */,
				074F4A573ADF8B410DA73689 /* LegendsManagersAndStadiumsTests.swift */,
				99F66221DBD753E2397F71B3 /* SaveStateRoundTripTests.swift */,
				630311A8820AD986CC73BA6D /* LegendsProfileRoundTripTests.swift */,
				FAA9AD75FBD3A892539947D4 /* LegendsAgingTests.swift */,
				F1A2B3C4D5E6F70819A2B3C4 /* ExperienceSelectorArtworkTests.swift */,
				F9E8D7C6B5A493827160504F /* LegendsPlayabilitySimulationTests.swift */,
				A1B2C3D5E6F708192A3B4C5D /* LegendsManagerIdentityTests.swift */,
				A1B2C3D5E6F708192A3B4C5E /* LegendsOwnedPlayersTests.swift */,
				7B58DAAE268FF435CCAB8ACB /* LegendsLiveMatchTests.swift */,
				F559507B7448E55181B33E7F /* LegendsSeasonSoakTests.swift */,
				CF34B6CADED3D645C368E2D2 /* LegendsPitchCoordinateSystemTests.swift */,
				9A3F72AB53965A5C95A66808 /* LegendsOpponentRosterTests.swift */,
				D5EBC684871666B50828C720 /* LegendsMatchSimulationTests.swift */,
				86D3D33B9AC8783B537A219E /* CareerSeasonSoakTests.swift */,
				45ACA05FF088A4032616F4B2 /* LiveMatchTests.swift */,
				CD4B67FD28B14DE5914B0356 /* SeasonObjectiveTests.swift */,
				0B37E780E1B741DC8BAB0597 /* LivingWorldTests.swift */,
				11C31F61CFAD4E7DA8E00845 /* CupCelebrationTests.swift */,
				7D47B1D34444477EAA4F7759 /* PlayerStoriesTests.swift */,
				31B53055106C4679AB36D897 /* LegacyMuseumTests.swift */,
				37A4AC188E0A4B00B09D6FD7 /* ClubIdentityTests.swift */,
				10FBA8DFA5324C93823611D1 /* FanEngagementTests.swift */,
				D6E7F8091A2B3C4D5E6F7081 /* LegendsLifecyclePhase2Tests.swift */,
				5CE7740EA775A77C8A09E25A /* LegendsStoreTestSupport.swift */,
				B2885090C281E81798DD97DA /* LegendsCareerLifecyclePolicyTests.swift */,
				E255DADC17C62F55BE66BD28 /* LegendsPoint1MigrationTests.swift */,
				3D3A2109355E202CBE0586A1 /* LegendsRetirementTimingTests.swift */,
				2A0E7115C0DE00A1B2C3D4E1 /* LegendsPoint2IdentityTests.swift */,
				2A0E7115C0DE00A1B2C3D4E2 /* LegendsPoint2MatchSelectorsTests.swift */,
				2A0E7115C0DE00A1B2C3D4E3 /* LegendsPoint2ConditionTests.swift */,
				2A0E7115C0DE00A1B2C3D4E4 /* LegendsPoint2HonoursTests.swift */,
				2A0E7115C0DE00A1B2C3D4E5 /* LegendsPoint2MigrationTests.swift */,
				2A0E7116C0DE00A1B2C3D4E5 /* LegendsMatchSelectors2DTests.swift */,
				2A0E7115C0DE00A1B2C3D4E6 /* LegendsPoint2SeasonAwardsTests.swift */,
			);
			path = "Retro Season ManagerTests";
			sourceTree = "<group>";
		};
		3AE4401952C293B0949EF057 /* Frameworks */ = {
			isa = PBXGroup;
			children = (
				775E29ABA1CE12701CE668C9 /* iOS */,
			);
			name = Frameworks;
			sourceTree = "<group>";
		};
		52EE5D9B302272C0002A9DDF = {
			isa = PBXGroup;
			children = (
				52EE5DA6302272C0002A9DDF /* Retro Season Manager */,
				52EE5DA5302272C0002A9DDF /* Products */,
				3AE4401952C293B0949EF057 /* Frameworks */,
				24204CD9C3F161B4E6DC3C05 /* Retro Season ManagerTests */,
				66778899AABBCCDDEEFF0011 /* Retro Season ManagerUITests */,
			);
			sourceTree = "<group>";
		};
		52EE5DA5302272C0002A9DDF /* Products */ = {
			isa = PBXGroup;
			children = (
				52EE5DA4302272C0002A9DDF /* Retro Season Manager.app */,
				1D1DE01F6AE1531551548017 /* Retro Season ManagerTests.xctest */,
				A1A2A3A4A5A6A7A8A9AAABAC /* Retro Season ManagerUITests.xctest */,
			);
			name = Products;
			sourceTree = "<group>";
		};
		66778899AABBCCDDEEFF0011 /* Retro Season ManagerUITests */ = {
			isa = PBXGroup;
			children = (
				B1B2B3B4B5B6B7B8B9BABBBC /* RetroSeasonManagerUITests.swift */,
			);
			path = "Retro Season ManagerUITests";
			sourceTree = "<group>";
		};
		775E29ABA1CE12701CE668C9 /* iOS */ = {
			isa = PBXGroup;
			children = (
				4EA2B70D878918DA4CFE4BBE /* Foundation.framework */,
			);
			name = iOS;
			sourceTree = "<group>";
		};
/* End PBXGroup section */

/* Begin PBXNativeTarget section */
		09BE58255CAC8C4148BBE9ED /* Retro Season ManagerTests */ = {
			isa = PBXNativeTarget;
			buildConfigurationList = 0F07FB51E5A3B8DBAF6F27D9 /* Build configuration list for PBXNativeTarget "Retro Season ManagerTests" */;
			buildPhases = (
				1B30B0BA2F768BBD4894A91E /* Sources */,
				4B75296F738F908518A462E6 /* Frameworks */,
				37673199A3A3DF4E375CFF94 /* Resources */,
			);
			buildRules = (
			);
			dependencies = (
				94ADE471D93FEABD7DA40F34 /* PBXTargetDependency */,
			);
			name = "Retro Season ManagerTests";
			productName = "Retro Season ManagerTests";
			productReference = 1D1DE01F6AE1531551548017 /* Retro Season ManagerTests.xctest */;
			productType = "com.apple.product-type.bundle.unit-test";
		};
		52EE5DA3302272C0002A9DDF /* Retro Season Manager */ = {
			isa = PBXNativeTarget;
			buildConfigurationList = 52EE5DB1302272C1002A9DDF /* Build configuration list for PBXNativeTarget "Retro Season Manager" */;
			buildPhases = (
				52EE5DA0302272C0002A9DDF /* Sources */,
				52EE5DA1302272C0002A9DDF /* Frameworks */,
				52EE5DA2302272C0002A9DDF /* Resources */,
			);
			buildRules = (
			);
			dependencies = (
			);
			fileSystemSynchronizedGroups = (
				52EE5DA6302272C0002A9DDF /* Retro Season Manager */,
			);
			name = "Retro Season Manager";
			productName = "Retro Season Manager";
			productReference = 52EE5DA4302272C0002A9DDF /* Retro Season Manager.app */;
			productType = "com.apple.product-type.application";
		};
		D1D2D3D4D5D6D7D8D9DADBDC /* Retro Season ManagerUITests */ = {
			isa = PBXNativeTarget;
			buildConfigurationList = 33445566778899AABBCCDDEE /* Build configuration list for PBXNativeTarget "Retro Season ManagerUITests" */;
			buildPhases = (
				F1F2F3F4F5F6F7F8F9FAFBFC /* Sources */,
				E1E2E3E4E5E6E7E8E9EAEBEC /* Frameworks */,
				0123456789ABCDEF01234568 /* Resources */,
			);
			buildRules = (
			);
			dependencies = (
				2233445566778899AABBCCDD /* PBXTargetDependency */,
			);
			name = "Retro Season ManagerUITests";
			productName = "Retro Season ManagerUITests";
			productReference = A1A2A3A4A5A6A7A8A9AAABAC /* Retro Season ManagerUITests.xctest */;
			productType = "com.apple.product-type.bundle.ui-testing";
		};
/* End PBXNativeTarget section */

/* Begin PBXProject section */
		52EE5D9C302272C0002A9DDF /* Project object */ = {
			isa = PBXProject;
			attributes = {
				BuildIndependentTargetsInParallel = 1;
				LastSwiftUpdateCheck = 2660;
				LastUpgradeCheck = 2660;
				TargetAttributes = {
					52EE5DA3302272C0002A9DDF = {
						CreatedOnToolsVersion = 26.6;
					};
					D1D2D3D4D5D6D7D8D9DADBDC = {
						CreatedOnToolsVersion = 26.6;
						TestTargetID = 52EE5DA3302272C0002A9DDF;
					};
				};
			};
			buildConfigurationList = 52EE5D9F302272C0002A9DDF /* Build configuration list for PBXProject "Retro Season Manager" */;
			developmentRegion = en;
			hasScannedForEncodings = 0;
			knownRegions = (
				en,
				Base,
			);
			mainGroup = 52EE5D9B302272C0002A9DDF;
			minimizedProjectReferenceProxies = 1;
			preferredProjectObjectVersion = 77;
			productRefGroup = 52EE5DA5302272C0002A9DDF /* Products */;
			projectDirPath = "";
			projectRoot = "";
			targets = (
				52EE5DA3302272C0002A9DDF /* Retro Season Manager */,
				09BE58255CAC8C4148BBE9ED /* Retro Season ManagerTests */,
				D1D2D3D4D5D6D7D8D9DADBDC /* Retro Season ManagerUITests */,
			);
		};
/* End PBXProject section */

/* Begin PBXResourcesBuildPhase section */
		0123456789ABCDEF01234568 /* Resources */ = {
			isa = PBXResourcesBuildPhase;
			buildActionMask = 2147483647;
			files = (
			);
			runOnlyForDeploymentPostprocessing = 0;
		};
		37673199A3A3DF4E375CFF94 /* Resources */ = {
			isa = PBXResourcesBuildPhase;
			buildActionMask = 2147483647;
			files = (
			);
			runOnlyForDeploymentPostprocessing = 0;
		};
		52EE5DA2302272C0002A9DDF /* Resources */ = {
			isa = PBXResourcesBuildPhase;
			buildActionMask = 2147483647;
			files = (
			);
			runOnlyForDeploymentPostprocessing = 0;
		};
/* End PBXResourcesBuildPhase section */

/* Begin PBXSourcesBuildPhase section */
		1B30B0BA2F768BBD4894A91E /* Sources */ = {
			isa = PBXSourcesBuildPhase;
			buildActionMask = 2147483647;
			files = (
				85860B1451564F9A551C3598 /* EconomyFormulaTests.swift in Sources */,
				86AF834781278C3BB37443B3 /* LegacyScoringTests.swift in Sources */,
				958C4447B5D00D45411E467F /* SquadDataIntegrityTests.swift in Sources */,
				0BA5CDDF24DC0BA9798F2DCB /* GameStoreTestSupport.swift in Sources */,
				BD403C02CB0C5ABD7E617BFF /* AchievementThresholdTests.swift in Sources */,
				B50662B944281CF78CD58A04 /* NegotiationFormulaTests.swift in Sources */,
				4FAC06DD7BE5C1E8423AD72B /* CareerStoryGenerationTests.swift in Sources */,
				BF9EE3B68FCD4BB2B3FA026D /* NewspaperClassifierTests.swift in Sources */,
				11302683010CCC0470AF64EF /* TransferGeniusTests.swift in Sources */,
				C0D41EE6E559A561127D0FEE /* LegendsCardDatabaseTests.swift in Sources */,
				00662B6C39544AA6851F522C /* LegendsPackTests.swift in Sources */,
				255D12E4E73B3F1FD532841A /* LegendsSquadTests.swift in Sources */,
				3ED8FD5AA963F391C9598BD1 /* LegendsChemistryTests.swift in Sources */,
				6724AC3FB647B4BDD7E17012 /* LegendsMatchTests.swift in Sources */,
				364413F3B62370F1A108B57F /* LegendsChallengeTests.swift in Sources */,
				BFF886F86C980C1B1020CBF7 /* LegendsManagersAndStadiumsTests.swift in Sources */,
				C4D6B61A028D4BF8CCB66CD7 /* SaveStateRoundTripTests.swift in Sources */,
				1E072947D492BE27750A027B /* LegendsProfileRoundTripTests.swift in Sources */,
				8AB00ED2DF9E30109F724942 /* LegendsAgingTests.swift in Sources */,
				B2C3D4E5F60718293B4C5D6E /* ExperienceSelectorArtworkTests.swift in Sources */,
				E8D7C6B5A493827160504F3E /* LegendsPlayabilitySimulationTests.swift in Sources */,
				A1B2C3D4E5F60718293A4B5D /* LegendsManagerIdentityTests.swift in Sources */,
				A1B2C3D4E5F60718293A4B5E /* LegendsOwnedPlayersTests.swift in Sources */,
				223624989D3B1426429EBD23 /* LegendsLiveMatchTests.swift in Sources */,
				73674766596121488D7E4700 /* LegendsSeasonSoakTests.swift in Sources */,
				EC7F1B8BA0CFF81DD00E5D42 /* LegendsPitchCoordinateSystemTests.swift in Sources */,
				ABC676A02BA509F38C1A65B5 /* LegendsOpponentRosterTests.swift in Sources */,
				14DC54ED4A6C4CAA11BEA01E /* LegendsMatchSimulationTests.swift in Sources */,
				07803EFF6F1D3ECD04BCF825 /* CareerSeasonSoakTests.swift in Sources */,
				B73D938118DE57E0525CC11A /* LiveMatchTests.swift in Sources */,
				E4DA2058A0394CEB8EE33C6D /* SeasonObjectiveTests.swift in Sources */,
				68E67E7456134856A431237C /* LivingWorldTests.swift in Sources */,
				ADD2805876614F0BB4380256 /* CupCelebrationTests.swift in Sources */,
				FF41FCD5FE1B41E0BCD39230 /* PlayerStoriesTests.swift in Sources */,
				51196EFBACD945CC982E65A2 /* LegacyMuseumTests.swift in Sources */,
				A9E76500D69E4CF2948C2371 /* ClubIdentityTests.swift in Sources */,
				EB066EF752E24DD9BCABDC59 /* FanEngagementTests.swift in Sources */,
				A1B2C3D4E5F60718293A4B5C /* LegendsLifecyclePhase2Tests.swift in Sources */,
				3630E764F76C890D39B84FC9 /* LegendsStoreTestSupport.swift in Sources */,
				BF46F3172EADD73F1F06096A /* LegendsCareerLifecyclePolicyTests.swift in Sources */,
				BC03B0021252BAA3786CE769 /* LegendsPoint1MigrationTests.swift in Sources */,
				360D0278ACA8C2CA8B15C0E1 /* LegendsRetirementTimingTests.swift in Sources */,
				2A0E7115C0DE00B1B2C3D4E1 /* LegendsPoint2IdentityTests.swift in Sources */,
				2A0E7115C0DE00B1B2C3D4E2 /* LegendsPoint2MatchSelectorsTests.swift in Sources */,
				2A0E7115C0DE00B1B2C3D4E3 /* LegendsPoint2ConditionTests.swift in Sources */,
				2A0E7115C0DE00B1B2C3D4E4 /* LegendsPoint2HonoursTests.swift in Sources */,
				2A0E7115C0DE00B1B2C3D4E5 /* LegendsPoint2MigrationTests.swift in Sources */,
				2A0E7116C0DE00B1B2C3D4E5 /* LegendsMatchSelectors2DTests.swift in Sources */,
				2A0E7115C0DE00B1B2C3D4E6 /* LegendsPoint2SeasonAwardsTests.swift in Sources */,
			);
			runOnlyForDeploymentPostprocessing = 0;
		};
		52EE5DA0302272C0002A9DDF /* Sources */ = {
			isa = PBXSourcesBuildPhase;
			buildActionMask = 2147483647;
			files = (
			);
			runOnlyForDeploymentPostprocessing = 0;
		};
		F1F2F3F4F5F6F7F8F9FAFBFC /* Sources */ = {
			isa = PBXSourcesBuildPhase;
			buildActionMask = 2147483647;
			files = (
				C1C2C3C4C5C6C7C8C9CACBCC /* RetroSeasonManagerUITests.swift in Sources */,
			);
			runOnlyForDeploymentPostprocessing = 0;
		};
/* End PBXSourcesBuildPhase section */

/* Begin PBXTargetDependency section */
		2233445566778899AABBCCDD /* PBXTargetDependency */ = {
			isa = PBXTargetDependency;
			name = "Retro Season Manager";
			target = 52EE5DA3302272C0002A9DDF /* Retro Season Manager */;
			targetProxy = 112233445566778899AABBCC /* PBXContainerItemProxy */;
		};
		94ADE471D93FEABD7DA40F34 /* PBXTargetDependency */ = {
			isa = PBXTargetDependency;
			name = "Retro Season Manager";
			target = 52EE5DA3302272C0002A9DDF /* Retro Season Manager */;
			targetProxy = 84A5D0C204B2683882275C1F /* PBXContainerItemProxy */;
		};
/* End PBXTargetDependency section */

/* Begin XCBuildConfiguration section */
		445566778899AABBCCDDEEFF /* Debug */ = {
			isa = XCBuildConfiguration;
			buildSettings = {
				CODE_SIGN_STYLE = Automatic;
				CURRENT_PROJECT_VERSION = 1;
				DEVELOPMENT_TEAM = Z9WUBU7CDA;
				GENERATE_INFOPLIST_FILE = YES;
				IPHONEOS_DEPLOYMENT_TARGET = 17.0;
				MARKETING_VERSION = 1.0;
				PRODUCT_BUNDLE_IDENTIFIER = com.retroseasonmanager.app.uitests;
				PRODUCT_NAME = "$(TARGET_NAME)";
				SDKROOT = iphoneos;
				SWIFT_EMIT_LOC_STRINGS = NO;
				SWIFT_VERSION = 5.0;
				TARGETED_DEVICE_FAMILY = "1";
				TEST_TARGET_NAME = "Retro Season Manager";
			};
			name = Debug;
		};
		52EE5DAF302272C1002A9DDF /* Debug */ = {
			isa = XCBuildConfiguration;
			buildSettings = {
				ALWAYS_SEARCH_USER_PATHS = NO;
				ASSETCATALOG_COMPILER_GENERATE_SWIFT_ASSET_SYMBOL_EXTENSIONS = YES;
				CLANG_ANALYZER_NONNULL = YES;
				CLANG_ANALYZER_NUMBER_OBJECT_CONVERSION = YES_AGGRESSIVE;
				CLANG_CXX_LANGUAGE_STANDARD = "gnu++20";
				CLANG_ENABLE_MODULES = YES;
				CLANG_ENABLE_OBJC_ARC = YES;
				CLANG_ENABLE_OBJC_WEAK = YES;
				CLANG_WARN_BLOCK_CAPTURE_AUTORELEASING = YES;
				CLANG_WARN_BOOL_CONVERSION = YES;
				CLANG_WARN_COMMA = YES;
				CLANG_WARN_CONSTANT_CONVERSION = YES;
				CLANG_WARN_DEPRECATED_OBJC_IMPLEMENTATIONS = YES;
				CLANG_WARN_DIRECT_OBJC_ISA_USAGE = YES_ERROR;
				CLANG_WARN_DOCUMENTATION_COMMENTS = YES;
				CLANG_WARN_EMPTY_BODY = YES;
				CLANG_WARN_ENUM_CONVERSION = YES;
				CLANG_WARN_INFINITE_RECURSION = YES;
				CLANG_WARN_INT_CONVERSION = YES;
				CLANG_WARN_NON_LITERAL_NULL_CONVERSION = YES;
				CLANG_WARN_OBJC_IMPLICIT_RETAIN_SELF = YES;
				CLANG_WARN_OBJC_LITERAL_CONVERSION = YES;
				CLANG_WARN_OBJC_ROOT_CLASS = YES_ERROR;
				CLANG_WARN_QUOTED_INCLUDE_IN_FRAMEWORK_HEADER = YES;
				CLANG_WARN_RANGE_LOOP_ANALYSIS = YES;
				CLANG_WARN_STRICT_PROTOTYPES = YES;
				CLANG_WARN_SUSPICIOUS_MOVE = YES;
				CLANG_WARN_UNGUARDED_AVAILABILITY = YES_AGGRESSIVE;
				CLANG_WARN_UNREACHABLE_CODE = YES;
				CLANG_WARN__DUPLICATE_METHOD_MATCH = YES;
				COPY_PHASE_STRIP = NO;
				DEAD_CODE_STRIPPING = YES;
				DEBUG_INFORMATION_FORMAT = dwarf;
				DEVELOPMENT_TEAM = Z9WUBU7CDA;
				ENABLE_STRICT_OBJC_MSGSEND = YES;
				ENABLE_TESTABILITY = YES;
				ENABLE_USER_SCRIPT_SANDBOXING = YES;
				GCC_C_LANGUAGE_STANDARD = gnu17;
				GCC_DYNAMIC_NO_PIC = NO;
				GCC_NO_COMMON_BLOCKS = YES;
				GCC_OPTIMIZATION_LEVEL = 0;
				GCC_PREPROCESSOR_DEFINITIONS = (
					"DEBUG=1",
					"$(inherited)",
				);
				GCC_WARN_64_TO_32_BIT_CONVERSION = YES;
				GCC_WARN_ABOUT_RETURN_TYPE = YES_ERROR;
				GCC_WARN_UNDECLARED_SELECTOR = YES;
				GCC_WARN_UNINITIALIZED_AUTOS = YES_AGGRESSIVE;
				GCC_WARN_UNUSED_FUNCTION = YES;
				GCC_WARN_UNUSED_VARIABLE = YES;
				INFOPLIST_KEY_UIRequiresFullScreen = YES;
				LOCALIZATION_PREFERS_STRING_CATALOGS = YES;
				MTL_ENABLE_DEBUG_INFO = INCLUDE_SOURCE;
				MTL_FAST_MATH = YES;
				ONLY_ACTIVE_ARCH = YES;
				STRING_CATALOG_GENERATE_SYMBOLS = YES;
				SWIFT_ACTIVE_COMPILATION_CONDITIONS = "DEBUG $(inherited)";
				SWIFT_OPTIMIZATION_LEVEL = "-Onone";
			};
			name = Debug;
		};
		52EE5DB0302272C1002A9DDF /* Release */ = {
			isa = XCBuildConfiguration;
			buildSettings = {
				ALWAYS_SEARCH_USER_PATHS = NO;
				ASSETCATALOG_COMPILER_GENERATE_SWIFT_ASSET_SYMBOL_EXTENSIONS = YES;
				CLANG_ANALYZER_NONNULL = YES;
				CLANG_ANALYZER_NUMBER_OBJECT_CONVERSION = YES_AGGRESSIVE;
				CLANG_CXX_LANGUAGE_STANDARD = "gnu++20";
				CLANG_ENABLE_MODULES = YES;
				CLANG_ENABLE_OBJC_ARC = YES;
				CLANG_ENABLE_OBJC_WEAK = YES;
				CLANG_WARN_BLOCK_CAPTURE_AUTORELEASING = YES;
				CLANG_WARN_BOOL_CONVERSION = YES;
				CLANG_WARN_COMMA = YES;
				CLANG_WARN_CONSTANT_CONVERSION = YES;
				CLANG_WARN_DEPRECATED_OBJC_IMPLEMENTATIONS = YES;
				CLANG_WARN_DIRECT_OBJC_ISA_USAGE = YES_ERROR;
				CLANG_WARN_DOCUMENTATION_COMMENTS = YES;
				CLANG_WARN_EMPTY_BODY = YES;
				CLANG_WARN_ENUM_CONVERSION = YES;
				CLANG_WARN_INFINITE_RECURSION = YES;
				CLANG_WARN_INT_CONVERSION = YES;
				CLANG_WARN_NON_LITERAL_NULL_CONVERSION = YES;
				CLANG_WARN_OBJC_IMPLICIT_RETAIN_SELF = YES;
				CLANG_WARN_OBJC_LITERAL_CONVERSION = YES;
				CLANG_WARN_OBJC_ROOT_CLASS = YES_ERROR;
				CLANG_WARN_QUOTED_INCLUDE_IN_FRAMEWORK_HEADER = YES;
				CLANG_WARN_RANGE_LOOP_ANALYSIS = YES;
				CLANG_WARN_STRICT_PROTOTYPES = YES;
				CLANG_WARN_SUSPICIOUS_MOVE = YES;
				CLANG_WARN_UNGUARDED_AVAILABILITY = YES_AGGRESSIVE;
				CLANG_WARN_UNREACHABLE_CODE = YES;
				CLANG_WARN__DUPLICATE_METHOD_MATCH = YES;
				COPY_PHASE_STRIP = NO;
				DEAD_CODE_STRIPPING = YES;
				DEBUG_INFORMATION_FORMAT = "dwarf-with-dsym";
				DEVELOPMENT_TEAM = Z9WUBU7CDA;
				ENABLE_NS_ASSERTIONS = NO;
				ENABLE_STRICT_OBJC_MSGSEND = YES;
				ENABLE_USER_SCRIPT_SANDBOXING = YES;
				GCC_C_LANGUAGE_STANDARD = gnu17;
				GCC_NO_COMMON_BLOCKS = YES;
				GCC_WARN_64_TO_32_BIT_CONVERSION = YES;
				GCC_WARN_ABOUT_RETURN_TYPE = YES_ERROR;
				GCC_WARN_UNDECLARED_SELECTOR = YES;
				GCC_WARN_UNINITIALIZED_AUTOS = YES_AGGRESSIVE;
				GCC_WARN_UNUSED_FUNCTION = YES;
				GCC_WARN_UNUSED_VARIABLE = YES;
				INFOPLIST_KEY_UIRequiresFullScreen = YES;
				LOCALIZATION_PREFERS_STRING_CATALOGS = YES;
				MTL_ENABLE_DEBUG_INFO = NO;
				MTL_FAST_MATH = YES;
				STRING_CATALOG_GENERATE_SYMBOLS = YES;
				SWIFT_COMPILATION_MODE = wholemodule;
			};
			name = Release;
		};
		52EE5DB2302272C1002A9DDF /* Debug */ = {
			isa = XCBuildConfiguration;
			buildSettings = {
				ASSETCATALOG_COMPILER_APPICON_NAME = AppIcon;
				ASSETCATALOG_COMPILER_GLOBAL_ACCENT_COLOR_NAME = AccentColor;
				CODE_SIGN_ENTITLEMENTS = "";
				CODE_SIGN_STYLE = Automatic;
				CURRENT_PROJECT_VERSION = 2;
				DEAD_CODE_STRIPPING = YES;
				DEVELOPMENT_TEAM = Z9WUBU7CDA;
				ENABLE_APP_SANDBOX = YES;
				ENABLE_HARDENED_RUNTIME = YES;
				ENABLE_PREVIEWS = YES;
				GENERATE_INFOPLIST_FILE = YES;
				INFOPLIST_KEY_CFBundleDisplayName = RSM;
				INFOPLIST_KEY_ITSAppUsesNonExemptEncryption = NO;
				"INFOPLIST_KEY_UIApplicationSceneManifest_Generation[sdk=iphoneos*]" = YES;
				"INFOPLIST_KEY_UIApplicationSceneManifest_Generation[sdk=iphonesimulator*]" = YES;
				"INFOPLIST_KEY_UIApplicationSupportsIndirectInputEvents[sdk=iphoneos*]" = YES;
				"INFOPLIST_KEY_UIApplicationSupportsIndirectInputEvents[sdk=iphonesimulator*]" = YES;
				INFOPLIST_KEY_UILaunchStoryboardName = LaunchScreen;
				"INFOPLIST_KEY_UIStatusBarStyle[sdk=iphoneos*]" = UIStatusBarStyleDefault;
				"INFOPLIST_KEY_UIStatusBarStyle[sdk=iphonesimulator*]" = UIStatusBarStyleDefault;
				INFOPLIST_KEY_UISupportedInterfaceOrientations_iPad = "UIInterfaceOrientationLandscapeLeft UIInterfaceOrientationLandscapeRight";
				INFOPLIST_KEY_UISupportedInterfaceOrientations_iPhone = "UIInterfaceOrientationLandscapeLeft UIInterfaceOrientationLandscapeRight";
				IPHONEOS_DEPLOYMENT_TARGET = 17.0;
				LD_RUNPATH_SEARCH_PATHS = "@executable_path/Frameworks";
				"LD_RUNPATH_SEARCH_PATHS[sdk=macosx*]" = "@executable_path/../Frameworks";
				MACOSX_DEPLOYMENT_TARGET = 26.5;
				MARKETING_VERSION = 1.0;
				PRODUCT_BUNDLE_IDENTIFIER = com.retroseasonmanager.app;
				PRODUCT_NAME = "$(TARGET_NAME)";
				SDKROOT = auto;
				STRING_CATALOG_GENERATE_SYMBOLS = YES;
				SUPPORTED_PLATFORMS = "iphoneos iphonesimulator macosx appletvos appletvsimulator xros xrsimulator";
				SWIFT_APPROACHABLE_CONCURRENCY = YES;
				SWIFT_DEFAULT_ACTOR_ISOLATION = MainActor;
				SWIFT_EMIT_LOC_STRINGS = YES;
				SWIFT_UPCOMING_FEATURE_MEMBER_IMPORT_VISIBILITY = YES;
				SWIFT_VERSION = 5.0;
				TARGETED_DEVICE_FAMILY = "1";
				TVOS_DEPLOYMENT_TARGET = 26.5;
				XROS_DEPLOYMENT_TARGET = 26.5;
			};
			name = Debug;
		};
		52EE5DB3302272C1002A9DDF /* Release */ = {
			isa = XCBuildConfiguration;
			buildSettings = {
				ASSETCATALOG_COMPILER_APPICON_NAME = AppIcon;
				ASSETCATALOG_COMPILER_GLOBAL_ACCENT_COLOR_NAME = AccentColor;
				CODE_SIGN_ENTITLEMENTS = "";
				CODE_SIGN_STYLE = Automatic;
				CURRENT_PROJECT_VERSION = 2;
				DEAD_CODE_STRIPPING = YES;
				DEVELOPMENT_TEAM = Z9WUBU7CDA;
				ENABLE_APP_SANDBOX = YES;
				ENABLE_HARDENED_RUNTIME = YES;
				ENABLE_PREVIEWS = YES;
				GENERATE_INFOPLIST_FILE = YES;
				INFOPLIST_KEY_CFBundleDisplayName = RSM;
				INFOPLIST_KEY_ITSAppUsesNonExemptEncryption = NO;
				"INFOPLIST_KEY_UIApplicationSceneManifest_Generation[sdk=iphoneos*]" = YES;
				"INFOPLIST_KEY_UIApplicationSceneManifest_Generation[sdk=iphonesimulator*]" = YES;
				"INFOPLIST_KEY_UIApplicationSupportsIndirectInputEvents[sdk=iphoneos*]" = YES;
				"INFOPLIST_KEY_UIApplicationSupportsIndirectInputEvents[sdk=iphonesimulator*]" = YES;
				INFOPLIST_KEY_UILaunchStoryboardName = LaunchScreen;
				"INFOPLIST_KEY_UIStatusBarStyle[sdk=iphoneos*]" = UIStatusBarStyleDefault;
				"INFOPLIST_KEY_UIStatusBarStyle[sdk=iphonesimulator*]" = UIStatusBarStyleDefault;
				INFOPLIST_KEY_UISupportedInterfaceOrientations_iPad = "UIInterfaceOrientationLandscapeLeft UIInterfaceOrientationLandscapeRight";
				INFOPLIST_KEY_UISupportedInterfaceOrientations_iPhone = "UIInterfaceOrientationLandscapeLeft UIInterfaceOrientationLandscapeRight";
				IPHONEOS_DEPLOYMENT_TARGET = 17.0;
				LD_RUNPATH_SEARCH_PATHS = "@executable_path/Frameworks";
				"LD_RUNPATH_SEARCH_PATHS[sdk=macosx*]" = "@executable_path/../Frameworks";
				MACOSX_DEPLOYMENT_TARGET = 26.5;
				MARKETING_VERSION = 1.0;
				PRODUCT_BUNDLE_IDENTIFIER = com.retroseasonmanager.app;
				PRODUCT_NAME = "$(TARGET_NAME)";
				SDKROOT = auto;
				STRING_CATALOG_GENERATE_SYMBOLS = YES;
				SUPPORTED_PLATFORMS = "iphoneos iphonesimulator macosx appletvos appletvsimulator xros xrsimulator";
				SWIFT_APPROACHABLE_CONCURRENCY = YES;
				SWIFT_DEFAULT_ACTOR_ISOLATION = MainActor;
				SWIFT_EMIT_LOC_STRINGS = YES;
				SWIFT_UPCOMING_FEATURE_MEMBER_IMPORT_VISIBILITY = YES;
				SWIFT_VERSION = 5.0;
				TARGETED_DEVICE_FAMILY = "1";
				TVOS_DEPLOYMENT_TARGET = 26.5;
				XROS_DEPLOYMENT_TARGET = 26.5;
			};
			name = Release;
		};
		5566778899AABBCCDDEEFF00 /* Release */ = {
			isa = XCBuildConfiguration;
			buildSettings = {
				CODE_SIGN_STYLE = Automatic;
				CURRENT_PROJECT_VERSION = 1;
				DEVELOPMENT_TEAM = Z9WUBU7CDA;
				GENERATE_INFOPLIST_FILE = YES;
				IPHONEOS_DEPLOYMENT_TARGET = 17.0;
				MARKETING_VERSION = 1.0;
				PRODUCT_BUNDLE_IDENTIFIER = com.retroseasonmanager.app.uitests;
				PRODUCT_NAME = "$(TARGET_NAME)";
				SDKROOT = iphoneos;
				SWIFT_EMIT_LOC_STRINGS = NO;
				SWIFT_VERSION = 5.0;
				TARGETED_DEVICE_FAMILY = "1";
				TEST_TARGET_NAME = "Retro Season Manager";
			};
			name = Release;
		};
		5BE42409610E4A743079FAB4 /* Release */ = {
			isa = XCBuildConfiguration;
			buildSettings = {
				BUNDLE_LOADER = "$(TEST_HOST)";
				CLANG_ENABLE_OBJC_WEAK = NO;
				CODE_SIGN_STYLE = Automatic;
				DEVELOPMENT_TEAM = Z9WUBU7CDA;
				GENERATE_INFOPLIST_FILE = YES;
				IPHONEOS_DEPLOYMENT_TARGET = 17.0;
				PRODUCT_BUNDLE_IDENTIFIER = com.retroseasonmanager.app.tests;
				PRODUCT_NAME = "$(TARGET_NAME)";
				SDKROOT = iphoneos;
				SWIFT_EMIT_LOC_STRINGS = NO;
				SWIFT_VERSION = 5.0;
				TARGETED_DEVICE_FAMILY = "1";
				TEST_HOST = "$(BUILT_PRODUCTS_DIR)/Retro Season Manager.app/$(BUNDLE_EXECUTABLE_FOLDER_PATH)/Retro Season Manager";
				VALIDATE_PRODUCT = YES;
			};
			name = Release;
		};
		852158B2E13864E6071D7904 /* Debug */ = {
			isa = XCBuildConfiguration;
			buildSettings = {
				BUNDLE_LOADER = "$(TEST_HOST)";
				CLANG_ENABLE_OBJC_WEAK = NO;
				CODE_SIGN_STYLE = Automatic;
				DEVELOPMENT_TEAM = Z9WUBU7CDA;
				GENERATE_INFOPLIST_FILE = YES;
				IPHONEOS_DEPLOYMENT_TARGET = 17.0;
				PRODUCT_BUNDLE_IDENTIFIER = com.retroseasonmanager.app.tests;
				PRODUCT_NAME = "$(TARGET_NAME)";
				SDKROOT = iphoneos;
				SWIFT_EMIT_LOC_STRINGS = NO;
				SWIFT_VERSION = 5.0;
				TARGETED_DEVICE_FAMILY = "1";
				TEST_HOST = "$(BUILT_PRODUCTS_DIR)/Retro Season Manager.app/$(BUNDLE_EXECUTABLE_FOLDER_PATH)/Retro Season Manager";
			};
			name = Debug;
		};
/* End XCBuildConfiguration section */

/* Begin XCConfigurationList section */
		0F07FB51E5A3B8DBAF6F27D9 /* Build configuration list for PBXNativeTarget "Retro Season ManagerTests" */ = {
			isa = XCConfigurationList;
			buildConfigurations = (
				5BE42409610E4A743079FAB4 /* Release */,
				852158B2E13864E6071D7904 /* Debug */,
			);
			defaultConfigurationIsVisible = 0;
			defaultConfigurationName = Release;
		};
		33445566778899AABBCCDDEE /* Build configuration list for PBXNativeTarget "Retro Season ManagerUITests" */ = {
			isa = XCConfigurationList;
			buildConfigurations = (
				445566778899AABBCCDDEEFF /* Debug */,
				5566778899AABBCCDDEEFF00 /* Release */,
			);
			defaultConfigurationIsVisible = 0;
			defaultConfigurationName = Release;
		};
		52EE5D9F302272C0002A9DDF /* Build configuration list for PBXProject "Retro Season Manager" */ = {
			isa = XCConfigurationList;
			buildConfigurations = (
				52EE5DAF302272C1002A9DDF /* Debug */,
				52EE5DB0302272C1002A9DDF /* Release */,
			);
			defaultConfigurationIsVisible = 0;
			defaultConfigurationName = Release;
		};
		52EE5DB1302272C1002A9DDF /* Build configuration list for PBXNativeTarget "Retro Season Manager" */ = {
			isa = XCConfigurationList;
			buildConfigurations = (
				52EE5DB2302272C1002A9DDF /* Debug */,
				52EE5DB3302272C1002A9DDF /* Release */,
			);
			defaultConfigurationIsVisible = 0;
			defaultConfigurationName = Release;
		};
/* End XCConfigurationList section */
	};
	rootObject = 52EE5D9C302272C0002A9DDF /* Project object */;
}
